<?xml version="1.0" encoding="utf-8"?>
<Project ToolsVersion="4.0" xmlns="http://schemas.microsoft.com/developer/msbuild/2003">
  <ItemGroup>
    <Filter Include="Source">
      <UniqueIdentifier>{eda2fbce-2e37-c3c8-8f8c-35f2a4ff4e59}</UniqueIdentifier>
    </Filter>
    <Filter Include="Source\Editor">
      <UniqueIdentifier>{68b5e2a9-3ba4-999f-3e91-8d1308eb9a6e}</UniqueIdentifier>
    </Filter>
    <Filter Include="Source\Gizmo">
      <UniqueIdentifier>{2997c27c-11e9-54ee-4b0c-5a71dc20396c}</UniqueIdentifier>
    </Filter>
    <Filter Include="Source\Input">
      <UniqueIdentifier>{6a2850c9-e58a-f648-6b89-623ded1d763f}</UniqueIdentifier>
    </Filter>
    <Filter Include="Source\Launch">
      <UniqueIdentifier>{90ac0f15-c775-3ba7-f780-7222e93b8ddd}</UniqueIdentifier>
    </Filter>
    <Filter Include="Source\Panel">
      <UniqueIdentifier>{110cb42a-bc8d-dcb7-321e-1bd33a00b562}</UniqueIdentifier>
    </Filter>
    <Filter Include="Source\ThirdParty">
      <UniqueIdentifier>{5726d692-7686-5f00-2fce-2f6dc385fdc4}</UniqueIdentifier>
    </Filter>
    <Filter Include="Source\Viewport">
      <UniqueIdentifier>{76033aac-1e00-3e72-af05-fad596f6ac30}</UniqueIdentifier>
    </Filter>
    <Filter Include="Source\ThirdParty\imgui">
      <UniqueIdentifier>{14727bfa-61bb-1229-bb2b-782b3aace65f}</UniqueIdentifier>
    </Filter>
  </ItemGroup>
  <ItemGroup>
    <ClCompile Include="Source\Editor\Editor.cpp">
      <Filter>Source\Editor</Filter>
    </ClCompile>
    <ClCompile Include="Source\Editor\EditorContext.cpp">
      <Filter>Source\Editor</Filter>
    </ClCompile>
    <ClCompile Include="Source\Input\EditorGlobalContext.cpp">
      <Filter>Source\Input</Filter>
    </ClCompile>
    <ClCompile Include="Source\Input\GizmoInputContext.cpp">
      <Filter>Source\Input</Filter>
    </ClCompile>
    <ClCompile Include="Source\Input\ViewPortInputContext.cpp">
      <Filter>Source\Input</Filter>
    </ClCompile>
    <ClCompile Include="Source\Input\EditorGlobalContext.cpp">
      <Filter>Source\Input</Filter>
    </ClCompile>
    <ClCompile Include="Source\Input\GizmoInputContext.cpp">
      <Filter>Source\Input</Filter>
    </ClCompile>
    <ClCompile Include="Source\Input\ViewPortInputContext.cpp">
      <Filter>Source\Input</Filter>
    </ClCompile>
    <ClCompile Include="Source\Launch\EditorEngineLoop.cpp">
      <Filter>Source\Launch</Filter>
    </ClCompile>
    <ClCompile Include="Source\Launch\Launch.cpp">
      <Filter>Source\Launch</Filter>
    </ClCompile>
    <ClCompile Include="Source\main.cpp">
      <Filter>Source</Filter>
    </ClCompile>
    <ClCompile Include="Source\Panel\Panel.cpp">
      <Filter>Source\Panel</Filter>
    </ClCompile>
    <ClCompile Include="Source\Panel\PanelManager.cpp">
      <Filter>Source\Panel</Filter>
    </ClCompile>
    <ClCompile Include="Source\ThirdParty\imgui\imgui.cpp">
      <Filter>Source\ThirdParty\imgui</Filter>
    </ClCompile>
    <ClCompile Include="Source\ThirdParty\imgui\imgui_demo.cpp">
      <Filter>Source\ThirdParty\imgui</Filter>
    </ClCompile>
    <ClCompile Include="Source\ThirdParty\imgui\imgui_draw.cpp">
      <Filter>Source\ThirdParty\imgui</Filter>
    </ClCompile>
    <ClCompile Include="Source\ThirdParty\imgui\imgui_impl_dx11.cpp">
      <Filter>Source\ThirdParty\imgui</Filter>
    </ClCompile>
    <ClCompile Include="Source\ThirdParty\imgui\imgui_impl_win32.cpp">
      <Filter>Source\ThirdParty\imgui</Filter>
    </ClCompile>
    <ClCompile Include="Source\ThirdParty\imgui\imgui_tables.cpp">
      <Filter>Source\ThirdParty\imgui</Filter>
    </ClCompile>
    <ClCompile Include="Source\ThirdParty\imgui\imgui_widgets.cpp">
      <Filter>Source\ThirdParty\imgui</Filter>
    </ClCompile>
  </ItemGroup>
  <ItemGroup>
    <ClInclude Include="Source\Editor\Editor.h">
      <Filter>Source\Editor</Filter>
    </ClInclude>
    <ClInclude Include="Source\Editor\EditorContext.h">
      <Filter>Source\Editor</Filter>
    </ClInclude>
    <ClInclude Include="Source\Gizmo\EditorGizmoTypes.h">
      <Filter>Source\Gizmo</Filter>
    </ClInclude>
    <ClInclude Include="Source\Gizmo\GizmoDrawDataBuilder.h">
      <Filter>Source\Gizmo</Filter>
    </ClInclude>
    <ClInclude Include="Source\Input\EditorGlobalContext.h">
      <Filter>Source\Input</Filter>
    </ClInclude>
    <ClInclude Include="Source\Input\GizmoInputContext.h">
      <Filter>Source\Input</Filter>
    </ClInclude>
    <ClInclude Include="Source\Input\ViewPortInputContext.h">
      <Filter>Source\Input</Filter>
    </ClInclude>
    <ClInclude Include="Source\Launch\EditorEngineLoop.h">
      <Filter>Source\Launch</Filter>
    </ClInclude>
    <ClInclude Include="Source\Launch\Launch.h">
      <Filter>Source\Launch</Filter>
    </ClInclude>
    <ClInclude Include="Source\Panel\Panel.h">
      <Filter>Source\Panel</Filter>
    </ClInclude>
    <ClInclude Include="Source\Panel\PanelManager.h">
      <Filter>Source\Panel</Filter>
    </ClInclude>
    <ClInclude Include="Source\ThirdParty\imgui\imconfig.h">
      <Filter>Source\ThirdParty\imgui</Filter>
    </ClInclude>
    <ClInclude Include="Source\ThirdParty\imgui\imgui.h">
      <Filter>Source\ThirdParty\imgui</Filter>
    </ClInclude>
    <ClInclude Include="Source\ThirdParty\imgui\imgui_impl_dx11.h">
      <Filter>Source\ThirdParty\imgui</Filter>
    </ClInclude>
    <ClInclude Include="Source\ThirdParty\imgui\imgui_impl_win32.h">
      <Filter>Source\ThirdParty\imgui</Filter>
    </ClInclude>
    <ClInclude Include="Source\ThirdParty\imgui\imgui_internal.h">
      <Filter>Source\ThirdParty\imgui</Filter>
    </ClInclude>
    <ClInclude Include="Source\ThirdParty\imgui\imstb_rectpack.h">
      <Filter>Source\ThirdParty\imgui</Filter>
    </ClInclude>
    <ClInclude Include="Source\ThirdParty\imgui\imstb_textedit.h">
      <Filter>Source\ThirdParty\imgui</Filter>
    </ClInclude>
    <ClInclude Include="Source\ThirdParty\imgui\imstb_truetype.h">
      <Filter>Source\ThirdParty\imgui</Filter>
    </ClInclude>
    <ClInclude Include="Source\Viewport\EditorViewport.h">
      <Filter>Source\Viewport</Filter>
    </ClInclude>
    <ClInclude Include="Source\Viewport\EditorViewportClient.h">
      <Filter>Source\Viewport</Filter>
    </ClInclude>
  </ItemGroup>
  <ItemGroup>
    <None Include="Source\ThirdParty\imgui\imgui.natstepfilter">
      <Filter>Source\ThirdParty\imgui</Filter>
    </None>
  </ItemGroup>
  <ItemGroup>
    <Natvis Include="Source\ThirdParty\imgui\imgui.natvis">
      <Filter>Source\ThirdParty\imgui</Filter>
    </Natvis>
  </ItemGroup>
</Project>